
Microsoft Visual Studio Solution File, Format Version 11.00
# Visual Studio 2010
Project("{F184B08F-C81C-45F6-A57F-5ABD9991F28F}") = "WindowsApplication8", "WindowsApplication8\WindowsApplication8.vbproj", "{266CFDB1-A675-40FA-9BFC-468AF969BE23}"
EndProject
Global
	GlobalSection(SolutionConfigurationPlatforms) = preSolution
		Debug|x86 = Debug|x86
		Release|x86 = Release|x86
	EndGlobalSection
	GlobalSection(ProjectConfigurationPlatforms) = postSolution
		{266CFDB1-A675-40FA-9BFC-468AF969BE23}.Debug|x86.ActiveCfg = Debug|x86
		{266CFDB1-A675-40FA-9BFC-468AF969BE23}.Debug|x86.Build.0 = Debug|x86
		{266CFDB1-A675-40FA-9BFC-468AF969BE23}.Release|x86.ActiveCfg = Release|x86
		{266CFDB1-A675-40FA-9BFC-468AF969BE23}.Release|x86.Build.0 = Release|x86
	EndGlobalSection
	GlobalSection(SolutionProperties) = preSolution
		HideSolutionNode = FALSE
	EndGlobalSection
EndGlobal
